// !$*UTF8*$!
{
	archiveVersion = 1;
	classes = {
	};
	objectVersion = 46;
	objects = {

/* Begin PBXBuildFile section */
		F1B7615A1F2872B3007DD9BB /* AppDelegate.swift in Sources */ = {isa = PBXBuildFile; fileRef = F1B761591F2872B3007DD9BB /* AppDelegate.swift */; };
		F1B7615C1F2872B3007DD9BB /* ViewController.swift in Sources */ = {isa = PBXBuildFile; fileRef = F1B7615B1F2872B3007DD9BB /* ViewController.swift */; };
		F1B7615F1F2872B3007DD9BB /* Main.storyboard in Resources */ = {isa = PBXBuildFile; fileRef = F1B7615D1F2872B3007DD9BB /* Main.storyboard */; };
		F1B761611F2872B3007DD9BB /* Assets.xcassets in Resources */ = {isa = PBXBuildFile; fileRef = F1B761601F2872B3007DD9BB /* Assets.xcassets */; };
		F1B761641F2872B3007DD9BB /* LaunchScreen.storyboard in Resources */ = {isa = PBXBuildFile; fileRef = F1B761621F2872B3007DD9BB /* LaunchScreen.storyboard */; };
		F1B7616C1F287439007DD9BB /* Default-568h@2x.png in Resources */ = {isa = PBXBuildFile; fileRef = F1B7616B1F287439007DD9BB /* Default-568h@2x.png */; };
/* End PBXBuildFile section */

/* Begin PBXFileReference section */
		F1B761561F2872B3007DD9BB /* MME.app */ = {isa = PBXFileReference; explicitFileType = wrapper.application; includeInIndex = 0; path = MME.app; sourceTree = BUILT_PRODUCTS_DIR; };
		F1B761591F2872B3007DD9BB /* AppDelegate.swift */ = {isa = PBXFileReference; lastKnownFileType = sourcecode.swift; path = AppDelegate.swift; sourceTree = "<group>"; };
		F1B7615B1F2872B3007DD9BB /* ViewController.swift */ = {isa = PBXFileReference; lastKnownFileType = sourcecode.swift; path = ViewController.swift; sourceTree = "<group>"; };
		F1B7615E1F2872B3007DD9BB /* Base */ = {isa = PBXFileReference; lastKnownFileType = file.storyboard; name = Base; path = Base.lproj/Main.storyboard; sourceTree = "<group>"; };
		F1B761601F2872B3007DD9BB /* Assets.xcassets */ = {isa = PBXFileReference; lastKnownFileType = folder.assetcatalog; path = Assets.xcassets; sourceTree = "<group>"; };
		F1B761631F2872B3007DD9BB /* Base */ = {isa = PBXFileReference; lastKnownFileType = file.storyboard; name = Base; path = Base.lproj/LaunchScreen.storyboard; sourceTree = "<group>"; };
		F1B761651F2872B3007DD9BB /* Info.plist */ = {isa = PBXFileReference; lastKnownFileType = text.plist.xml; path = Info.plist; sourceTree = "<group>"; };
		F1B7616B1F287439007DD9BB /* Default-568h@2x.png */ = {isa = PBXFileReference; lastKnownFileType = image.png; path = "Default-568h@2x.png"; sourceTree = "<group>"; };
/* End PBXFileReference section */

/* Begin PBXFrameworksBuildPhase section */
		F1B761531F2872B3007DD9BB /* Frameworks */ = {
			isa = PBXFrameworksBuildPhase;
			buildActionMask = 2147483647;
			files = (
			);
			runOnlyForDeploymentPostprocessing = 0;
		};
/* End PBXFrameworksBuildPhase section */

/* Begin PBXGroup section */
		F1B7614D1F2872B3007DD9BB = {
			isa = PBXGroup;
			children = (
				F1B7616B1F287439007DD9BB /* Default-568h@2x.png */,
				F1B761581F2872B3007DD9BB /* MME */,
				F1B761571F2872B3007DD9BB /* Products */,
			);
			sourceTree = "<group>";
		};
		F1B761571F2872B3007DD9BB /* Products */ = {
			isa = PBXGroup;
			children = (
				F1B761561F2872B3007DD9BB /* MME.app */,
			);
			name = Products;
			sourceTree = "<group>";
		};
		F1B761581F2872B3007DD9BB /* MME */ = {
			isa = PBXGroup;
			children = (
				F1B761591F2872B3007DD9BB /* AppDelegate.swift */,
				F1B7615B1F2872B3007DD9BB /* ViewController.swift */,
				F1B7615D1F2872B3007DD9BB /* Main.storyboard */,
				F1B761601F2872B3007DD9BB /* Assets.xcassets */,
				F1B761621F2872B3007DD9BB /* LaunchScreen.storyboard */,
				F1B761651F2872B3007DD9BB /* Info.plist */,
			);
			path = MME;
			sourceTree = "<group>";
		};
/* End PBXGroup section */

/* Begin PBXNativeTarget section */
		F1B761551F2872B3007DD9BB /* MME */ = {
			isa = PBXNativeTarget;
			buildConfigurationList = F1B761681F2872B3007DD9BB /* Build configuration list for PBXNativeTarget "MME" */;
			buildPhases = (
				F1B761521F2872B3007DD9BB /* Sources */,
				F1B761531F2872B3007DD9BB /* Frameworks */,
				F1B761541F2872B3007DD9BB /* Resources */,
			);
			buildRules = (
			);
			dependencies = (
			);
			name = MME;
			productName = MME;
			productReference = F1B761561F2872B3007DD9BB /* MME.app */;
			productType = "com.apple.product-type.application";
		};
/* End PBXNativeTarget section */

/* Begin PBXProject section */
		F1B7614E1F2872B3007DD9BB /* Project object */ = {
			isa = PBXProject;
			attributes = {
				LastSwiftUpdateCheck = 0830;
				LastUpgradeCheck = 0830;
				ORGANIZATIONNAME = Weimu;
				TargetAttributes = {
					F1B761551F2872B3007DD9BB = {
						CreatedOnToolsVersion = 8.3.3;
						ProvisioningStyle = Automatic;
					};
				};
			};
			buildConfigurationList = F1B761511F2872B3007DD9BB /* Build configuration list for PBXProject "MME" */;
			compatibilityVersion = "Xcode 3.2";
			developmentRegion = English;
			hasScannedForEncodings = 0;
			knownRegions = (
				en,
				Base,
			);
			mainGroup = F1B7614D1F2872B3007DD9BB;
			productRefGroup = F1B761571F2872B3007DD9BB /* Products */;
			projectDirPath = "";
			projectRoot = "";
			targets = (
				F1B761551F2872B3007DD9BB /* MME */,
			);
		};
/* End PBXProject section */

/* Begin PBXResourcesBuildPhase section */
		F1B761541F2872B3007DD9BB /* Resources */ = {
			isa = PBXResourcesBuildPhase;
			buildActionMask = 2147483647;
			files = (
				F1B761641F2872B3007DD9BB /* LaunchScreen.storyboard in Resources */,
				F1B7616C1F287439007DD9BB /* Default-568h@2x.png in Resources */,
				F1B761611F2872B3007DD9BB /* Assets.xcassets in Resources */,
				F1B7615F1F2872B3007DD9BB /* Main.storyboard in Resources */,
			);
			runOnlyForDeploymentPostprocessing = 0;
		};
/* End PBXResourcesBuildPhase section */

/* Begin PBXSourcesBuildPhase section */
		F1B761521F2872B3007DD9BB /* Sources */ = {
			isa = PBXSourcesBuildPhase;
			buildActionMask = 2147483647;
			files = (
				F1B7615C1F2872B3007DD9BB /* ViewController.swift in Sources */,
				F1B7615A1F2872B3007DD9BB /* AppDelegate.swift in Sources */,
			);
			runOnlyForDeploymentPostprocessing = 0;
		};
/* End PBXSourcesBuildPhase section */

/* Begin PBXVariantGroup section */
		F1B7615D1F2872B3007DD9BB /* Main.storyboard */ = {
			isa = PBXVariantGroup;
			children = (
				F1B7615E1F2872B3007DD9BB /* Base */,
			);
			name = Main.storyboard;
			sourceTree = "<group>";
		};
		F1B761621F2872B3007DD9BB /* LaunchScreen.storyboard */ = {
			isa = PBXVariantGroup;
			children = (
				F1B761631F2872B3007DD9BB /* Base */,
			);
			name = LaunchScreen.storyboard;
			sourceTree = "<group>";
		};
/* End PBXVariantGroup section */

/* Begin XCBuildConfiguration section */
		F1B761661F2872B3007DD9BB /* Debug */ = {
			isa = XCBuildConfiguration;
			buildSettings = {
				ALWAYS_SEARCH_USER_PATHS = NO;
				CLANG_ANALYZER_NONNULL = YES;
				CLANG_ANALYZER_NUMBER_OBJECT_CONVERSION = YES_AGGRESSIVE;
				CLANG_CXX_LANGUAGE_STANDARD = "gnu++0x";
				CLANG_CXX_LIBRARY = "libc++";
				CLANG_ENABLE_MODULES = YES;
				CLANG_ENABLE_OBJC_ARC = YES;
				CLANG_WARN_BOOL_CONVERSION = YES;
				CLANG_WARN_CONSTANT_CONVERSION = YES;
				CLANG_WARN_DIRECT_OBJC_ISA_USAGE = YES_ERROR;
				CLANG_WARN_DOCUMENTATION_COMMENTS = YES;
				CLANG_WARN_EMPTY_BODY = YES;
				CLANG_WARN_ENUM_CONVERSION = YES;
				CLANG_WARN_INFINITE_RECURSION = YES;
				CLANG_WARN_INT_CONVERSION = YES;
				CLANG_WARN_OBJC_ROOT_CLASS = YES_ERROR;
				CLANG_WARN_SUSPICIOUS_MOVE = YES;
				CLANG_WARN_UNREACHABLE_CODE = YES;
				CLANG_WARN__DUPLICATE_METHOD_MATCH = YES;
				"CODE_SIGN_IDENTITY[sdk=iphoneos*]" = "iPhone Developer";
				COPY_PHASE_STRIP = NO;
				DEBUG_INFORMATION_FORMAT = dwarf;
				ENABLE_STRICT_OBJC_MSGSEND = YES;
				ENABLE_TESTABILITY = YES;
				GCC_C_LANGUAGE_STANDARD = gnu99;
				GCC_DYNAMIC_NO_PIC = NO;
				GCC_NO_COMMON_BLOCKS = YES;
				GCC_OPTIMIZATION_LEVEL = 0;
				GCC_PREPROCESSOR_DEFINITIONS = (
					"DEBUG=1",
					"$(inherited)",
				);
				GCC_WARN_64_TO_32_BIT_CONVERSION = YES;
				GCC_WARN_ABOUT_RETURN_TYPE = YES_ERROR;
				GCC_WARN_UNDECLARED_SELECTOR = YES;
				GCC_WARN_UNINITIALIZED_AUTOS = YES_AGGRESSIVE;
				GCC_WARN_UNUSED_FUNCTION = YES;
				GCC_WARN_UNUSED_VARIABLE = YES;
				IPHONEOS_DEPLOYMENT_TARGET = 10.3;
				MTL_ENABLE_DEBUG_INFO = YES;
				ONLY_ACTIVE_ARCH = YES;
				SDKROOT = iphoneos;
				SWIFT_ACTIVE_COMPILATION_CONDITIONS = DEBUG;
				SWIFT_OPTIMIZATION_LEVEL = "-Onone";
				TARGETED_DEVICE_FAMILY = "1,2";
			};
			name = Debug;
		};
		F1B761671F2872B3007DD9BB /* Release */ = {
			isa = XCBuildConfiguration;
			buildSettings = {
				ALWAYS_SEARCH_USER_PATHS = NO;
				CLANG_ANALYZER_NONNULL = YES;
				CLANG_ANALYZER_NUMBER_OBJECT_CONVERSION = YES_AGGRESSIVE;
				CLANG_CXX_LANGUAGE_STANDARD = "gnu++0x";
				CLANG_CXX_LIBRARY = "libc++";
				CLANG_ENABLE_MODULES = YES;
				CLANG_ENABLE_OBJC_ARC = YES;
				CLANG_WARN_BOOL_CONVERSION = YES;
				CLANG_WARN_CONSTANT_CONVERSION = YES;
				CLANG_WARN_DIRECT_OBJC_ISA_USAGE = YES_ERROR;
				CLANG_WARN_DOCUMENTATION_COMMENTS = YES;
				CLANG_WARN_EMPTY_BODY = YES;
				CLANG_WARN_ENUM_CONVERSION = YES;
				CLANG_WARN_INFINITE_RECURSION = YES;
				CLANG_WARN_INT_CONVERSION = YES;
				CLANG_WARN_OBJC_ROOT_CLASS = YES_ERROR;
				CLANG_WARN_SUSPICIOUS_MOVE = YES;
				CLANG_WARN_UNREACHABLE_CODE = YES;
				CLANG_WARN__DUPLICATE_METHOD_MATCH = YES;
				"CODE_SIGN_IDENTITY[sdk=iphoneos*]" = "iPhone Developer";
				COPY_PHASE_STRIP = NO;
				DEBUG_INFORMATION_FORMAT = "dwarf-with-dsym";
				ENABLE_NS_ASSERTIONS = NO;
				ENABLE_STRICT_OBJC_MSGSEND = YES;
				GCC_C_LANGUAGE_STANDARD = gnu99;
				GCC_NO_COMMON_BLOCKS = YES;
				GCC_WARN_64_TO_32_BIT_CONVERSION = YES;
				GCC_WARN_ABOUT_RETURN_TYPE = YES_ERROR;
				GCC_WARN_UNDECLARED_SELECTOR = YES;
				GCC_WARN_UNINITIALIZED_AUTOS = YES_AGGRESSIVE;
				GCC_WARN_UNUSED_FUNCTION = YES;
				GCC_WARN_UNUSED_VARIABLE = YES;
				IPHONEOS_DEPLOYMENT_TARGET = 10.3;
				MTL_ENABLE_DEBUG_INFO = NO;
				SDKROOT = iphoneos;
				SWIFT_OPTIMIZATION_LEVEL = "-Owholemodule";
				TARGETED_DEVICE_FAMILY = "1,2";
				VALIDATE_PRODUCT = YES;
			};
			name = Release;
		};
		F1B761691F2872B3007DD9BB /* Debug */ = {
			isa = XCBuildConfiguration;
			buildSettings = {
				ASSETCATALOG_COMPILER_APPICON_NAME = AppIcon;
				INFOPLIST_FILE = MME/Info.plist;
				LD_RUNPATH_SEARCH_PATHS = "$(inherited) @executable_path/Frameworks";
				PRODUCT_BUNDLE_IDENTIFIER = "-.MME";
				PRODUCT_NAME = "$(TARGET_NAME)";
				SWIFT_VERSION = 3.0;
			};
			name = Debug;
		};
		F1B7616A1F2872B3007DD9BB /* Release */ = {
			isa = XCBuildConfiguration;
			buildSettings = {
				ASSETCATALOG_COMPILER_APPICON_NAME = AppIcon;
				INFOPLIST_FILE = MME/Info.plist;
				LD_RUNPATH_SEARCH_PATHS = "$(inherited) @executable_path/Frameworks";
				PRODUCT_BUNDLE_IDENTIFIER = "-.MME";
				PRODUCT_NAME = "$(TARGET_NAME)";
				SWIFT_VERSION = 3.0;
			};
			name = Release;
		};
/* End XCBuildConfiguration section */

/* Begin XCConfigurationList section */
		F1B761511F2872B3007DD9BB /* Build configuration list for PBXProject "MME" */ = {
			isa = XCConfigurationList;
			buildConfigurations = (
				F1B761661F2872B3007DD9BB /* Debug */,
				F1B761671F2872B3007DD9BB /* Release */,
			);
			defaultConfigurationIsVisible = 0;
			defaultConfigurationName = Release;
		};
		F1B761681F2872B3007DD9BB /* Build configuration list for PBXNativeTarget "MME" */ = {
			isa = XCConfigurationList;
			buildConfigurations = (
				F1B761691F2872B3007DD9BB /* Debug */,
				F1B7616A1F2872B3007DD9BB /* Release */,
			);
			defaultConfigurationIsVisible = 0;
		};
/* End XCConfigurationList section */
	};
	rootObject = F1B7614E1F2872B3007DD9BB /* Project object */;
}
